// !$*UTF8*$!
{
	archiveVersion = 1;
	classes = {
	};
	objectVersion = 77;
	objects = {

/* Begin PBXBuildFile section */
		DD2885EC2FA98F2500176DC7 /* LoginView.swift in Sources */ = {isa = PBXBuildFile; fileRef = DD2885EB2FA98F2500176DC7 /* LoginView.swift */; };
		DD2885EE2FA98F6C00176DC7 /* LoginViewModel.swift in Sources */ = {isa = PBXBuildFile; fileRef = DD2885ED2FA98F6C00176DC7 /* LoginViewModel.swift */; };
		DD2885F12FA99AC500176DC7 /* FirebaseAI in Frameworks */ = {isa = PBXBuildFile; productRef = DD2885F02FA99AC500176DC7 /* FirebaseAI */; };
		DD2885F32FA99AC500176DC7 /* FirebaseAILogic in Frameworks */ = {isa = PBXBuildFile; productRef = DD2885F22FA99AC500176DC7 /* FirebaseAILogic */; };
		DD2885F52FA99AC500176DC7 /* FirebaseAnalytics in Frameworks */ = {isa = PBXBuildFile; productRef = DD2885F42FA99AC500176DC7 /* FirebaseAnalytics */; };
		DD2885F72FA99AC500176DC7 /* FirebaseAnalyticsCore in Frameworks */ = {isa = PBXBuildFile; productRef = DD2885F62FA99AC500176DC7 /* FirebaseAnalyticsCore */; };
		DD2885F92FA99AC500176DC7 /* FirebaseAnalyticsIdentitySupport in Frameworks */ = {isa = PBXBuildFile; productRef = DD2885F82FA99AC500176DC7 /* FirebaseAnalyticsIdentitySupport */; };
		DD2885FB2FA99AC500176DC7 /* FirebaseAuth in Frameworks */ = {isa = PBXBuildFile; productRef = DD2885FA2FA99AC500176DC7 /* FirebaseAuth */; };
		DD2885FD2FA99AC500176DC7 /* FirebaseAuthCombine-Community in Frameworks */ = {isa = PBXBuildFile; productRef = DD2885FC2FA99AC500176DC7 /* FirebaseAuthCombine-Community */; };
		DD2885FF2FA99AC500176DC7 /* FirebaseCore in Frameworks */ = {isa = PBXBuildFile; productRef = DD2885FE2FA99AC500176DC7 /* FirebaseCore */; };
		DD2886012FA99AC500176DC7 /* FirebaseDatabase in Frameworks */ = {isa = PBXBuildFile; productRef = DD2886002FA99AC500176DC7 /* FirebaseDatabase */; };
		DD2886032FA99AC500176DC7 /* FirebaseInAppMessaging-Beta in Frameworks */ = {isa = PBXBuildFile; productRef = DD2886022FA99AC500176DC7 /* FirebaseInAppMessaging-Beta */; };
		DD2886052FA99AC500176DC7 /* FirebaseMessaging in Frameworks */ = {isa = PBXBuildFile; productRef = DD2886042FA99AC500176DC7 /* FirebaseMessaging */; };
		DD2886072FA99AC500176DC7 /* FirebaseStorage in Frameworks */ = {isa = PBXBuildFile; productRef = DD2886062FA99AC500176DC7 /* FirebaseStorage */; };
		DD2886092FA99AC500176DC7 /* FirebaseStorageCombine-Community in Frameworks */ = {isa = PBXBuildFile; productRef = DD2886082FA99AC500176DC7 /* FirebaseStorageCombine-Community */; };
		DD28860D2FA9A04D00176DC7 /* FirebaseAuthManager.swift in Sources */ = {isa = PBXBuildFile; fileRef = DD28860C2FA9A04D00176DC7 /* FirebaseAuthManager.swift */; };
		DD8E72372FA8D5050005D254 /* Assets.xcassets in Resources */ = {isa = PBXBuildFile; fileRef = DD8E72332FA8D5050005D254 /* Assets.xcassets */; };
		DD8E72382FA8D5050005D254 /* HomeView.swift in Sources */ = {isa = PBXBuildFile; fileRef = DD8E72342FA8D5050005D254 /* HomeView.swift */; };
		DD8E72392FA8D5050005D254 /* DiseasesClassificationAppApp.swift in Sources */ = {isa = PBXBuildFile; fileRef = DD8E72352FA8D5050005D254 /* DiseasesClassificationAppApp.swift */; };
		DD8E723C2FA8D5280005D254 /* Coordinator.swift in Sources */ = {isa = PBXBuildFile; fileRef = DD8E723B2FA8D5280005D254 /* Coordinator.swift */; };
		DD8E72402FA8D5A10005D254 /* Page.swift in Sources */ = {isa = PBXBuildFile; fileRef = DD8E723F2FA8D5A10005D254 /* Page.swift */; };
		DD8E72442FA8DABE0005D254 /* CoordinatorView.swift in Sources */ = {isa = PBXBuildFile; fileRef = DD8E72432FA8DABE0005D254 /* CoordinatorView.swift */; };
		DD8E72482FA8ED330005D254 /* CreateAccountView.swift in Sources */ = {isa = PBXBuildFile; fileRef = DD8E72472FA8ED330005D254 /* CreateAccountView.swift */; };
		DD8E724A2FA8ED660005D254 /* CreateAccountViewModel.swift in Sources */ = {isa = PBXBuildFile; fileRef = DD8E72492FA8ED660005D254 /* CreateAccountViewModel.swift */; };
		DD8E724D2FA8F0220005D254 /* MangoTextField.swift in Sources */ = {isa = PBXBuildFile; fileRef = DD8E724C2FA8F0220005D254 /* MangoTextField.swift */; };
		DD8E724F2FA8F3C70005D254 /* AuthManager.swift in Sources */ = {isa = PBXBuildFile; fileRef = DD8E724E2FA8F3C70005D254 /* AuthManager.swift */; };
		DDB045CD2FA9B66F002EA282 /* GoogleService-Info.plist in Resources */ = {isa = PBXBuildFile; fileRef = DDB045CC2FA9B66F002EA282 /* GoogleService-Info.plist */; };
		DDB045D02FA9BF56002EA282 /* GoogleSignIn in Frameworks */ = {isa = PBXBuildFile; productRef = DDB045CF2FA9BF56002EA282 /* GoogleSignIn */; };
		DDB045D22FA9BF56002EA282 /* GoogleSignInSwift in Frameworks */ = {isa = PBXBuildFile; productRef = DDB045D12FA9BF56002EA282 /* GoogleSignInSwift */; };
		DDB045D42FA9C13E002EA282 /* GoogleSignInManager.swift in Sources */ = {isa = PBXBuildFile; fileRef = DDB045D32FA9C13E002EA282 /* GoogleSignInManager.swift */; };
/* End PBXBuildFile section */

/* Begin PBXFileReference section */
		DD2885EB2FA98F2500176DC7 /* LoginView.swift */ = {isa = PBXFileReference; lastKnownFileType = sourcecode.swift; path = LoginView.swift; sourceTree = "<group>"; };
		DD2885ED2FA98F6C00176DC7 /* LoginViewModel.swift */ = {isa = PBXFileReference; lastKnownFileType = sourcecode.swift; path = LoginViewModel.swift; sourceTree = "<group>"; };
		DD28860C2FA9A04D00176DC7 /* FirebaseAuthManager.swift */ = {isa = PBXFileReference; lastKnownFileType = sourcecode.swift; path = FirebaseAuthManager.swift; sourceTree = "<group>"; };
		DD8E721D2FA8D42C0005D254 /* DisasesClassificationApp.app */ = {isa = PBXFileReference; explicitFileType = wrapper.application; includeInIndex = 0; path = DisasesClassificationApp.app; sourceTree = BUILT_PRODUCTS_DIR; };
		DD8E72332FA8D5050005D254 /* Assets.xcassets */ = {isa = PBXFileReference; lastKnownFileType = folder.assetcatalog; path = Assets.xcassets; sourceTree = "<group>"; };
		DD8E72342FA8D5050005D254 /* HomeView.swift */ = {isa = PBXFileReference; lastKnownFileType = sourcecode.swift; path = HomeView.swift; sourceTree = "<group>"; };
		DD8E72352FA8D5050005D254 /* DiseasesClassificationAppApp.swift */ = {isa = PBXFileReference; lastKnownFileType = sourcecode.swift; path = DiseasesClassificationAppApp.swift; sourceTree = "<group>"; };
		DD8E723B2FA8D5280005D254 /* Coordinator.swift */ = {isa = PBXFileReference; lastKnownFileType = sourcecode.swift; path = Coordinator.swift; sourceTree = "<group>"; };
		DD8E723F2FA8D5A10005D254 /* Page.swift */ = {isa = PBXFileReference; lastKnownFileType = sourcecode.swift; path = Page.swift; sourceTree = "<group>"; };
		DD8E72432FA8DABE0005D254 /* CoordinatorView.swift */ = {isa = PBXFileReference; lastKnownFileType = sourcecode.swift; path = CoordinatorView.swift; sourceTree = "<group>"; };
		DD8E72472FA8ED330005D254 /* CreateAccountView.swift */ = {isa = PBXFileReference; lastKnownFileType = sourcecode.swift; path = CreateAccountView.swift; sourceTree = "<group>"; };
		DD8E72492FA8ED660005D254 /* CreateAccountViewModel.swift */ = {isa = PBXFileReference; lastKnownFileType = sourcecode.swift; path = CreateAccountViewModel.swift; sourceTree = "<group>"; };
		DD8E724C2FA8F0220005D254 /* MangoTextField.swift */ = {isa = PBXFileReference; lastKnownFileType = sourcecode.swift; path = MangoTextField.swift; sourceTree = "<group>"; };
		DD8E724E2FA8F3C70005D254 /* AuthManager.swift */ = {isa = PBXFileReference; lastKnownFileType = sourcecode.swift; path = AuthManager.swift; sourceTree = "<group>"; };
		DDB045CC2FA9B66F002EA282 /* GoogleService-Info.plist */ = {isa = PBXFileReference; lastKnownFileType = text.plist.xml; path = "GoogleService-Info.plist"; sourceTree = "<group>"; };
		DDB045D32FA9C13E002EA282 /* GoogleSignInManager.swift */ = {isa = PBXFileReference; lastKnownFileType = sourcecode.swift; path = GoogleSignInManager.swift; sourceTree = "<group>"; };
		DDB045D52FA9DC12002EA282 /* Info.plist */ = {isa = PBXFileReference; lastKnownFileType = text.plist.xml; path = Info.plist; sourceTree = "<group>"; };
/* End PBXFileReference section */

/* Begin PBXFrameworksBuildPhase section */
		DD8E721A2FA8D42C0005D254 /* Frameworks */ = {
			isa = PBXFrameworksBuildPhase;
			buildActionMask = 2147483647;
			files = (
				DDB045D22FA9BF56002EA282 /* GoogleSignInSwift in Frameworks */,
				DD2885F32FA99AC500176DC7 /* FirebaseAILogic in Frameworks */,
				DD2885FB2FA99AC500176DC7 /* FirebaseAuth in Frameworks */,
				DD2885F92FA99AC500176DC7 /* FirebaseAnalyticsIdentitySupport in Frameworks */,
				DD2886092FA99AC500176DC7 /* FirebaseStorageCombine-Community in Frameworks */,
				DD2885F12FA99AC500176DC7 /* FirebaseAI in Frameworks */,
				DD2885F52FA99AC500176DC7 /* FirebaseAnalytics in Frameworks */,
				DD2886072FA99AC500176DC7 /* FirebaseStorage in Frameworks */,
				DD2885FD2FA99AC500176DC7 /* FirebaseAuthCombine-Community in Frameworks */,
				DD2886012FA99AC500176DC7 /* FirebaseDatabase in Frameworks */,
				DD2885FF2FA99AC500176DC7 /* FirebaseCore in Frameworks */,
				DD2885F72FA99AC500176DC7 /* FirebaseAnalyticsCore in Frameworks */,
				DD2886052FA99AC500176DC7 /* FirebaseMessaging in Frameworks */,
				DD2886032FA99AC500176DC7 /* FirebaseInAppMessaging-Beta in Frameworks */,
				DDB045D02FA9BF56002EA282 /* GoogleSignIn in Frameworks */,
			);
			runOnlyForDeploymentPostprocessing = 0;
		};
/* End PBXFrameworksBuildPhase section */

/* Begin PBXGroup section */
		DD8E72142FA8D42C0005D254 = {
			isa = PBXGroup;
			children = (
				DD8E72362FA8D5050005D254 /* DisasesClassificationApp */,
				DD8E721E2FA8D42C0005D254 /* Products */,
			);
			sourceTree = "<group>";
		};
		DD8E721E2FA8D42C0005D254 /* Products */ = {
			isa = PBXGroup;
			children = (
				DD8E721D2FA8D42C0005D254 /* DisasesClassificationApp.app */,
			);
			name = Products;
			sourceTree = "<group>";
		};
		DD8E72362FA8D5050005D254 /* DisasesClassificationApp */ = {
			isa = PBXGroup;
			children = (
				DD8E724B2FA8EE350005D254 /* Constants */,
				DD8E72462FA8ED050005D254 /* Authentication */,
				DD8E723A2FA8D50B0005D254 /* Coordinator */,
				DD8E72332FA8D5050005D254 /* Assets.xcassets */,
				DD8E72342FA8D5050005D254 /* HomeView.swift */,
				DD8E72352FA8D5050005D254 /* DiseasesClassificationAppApp.swift */,
				DDB045D52FA9DC12002EA282 /* Info.plist */,
				DDB045CC2FA9B66F002EA282 /* GoogleService-Info.plist */,
			);
			path = DisasesClassificationApp;
			sourceTree = "<group>";
		};
		DD8E723A2FA8D50B0005D254 /* Coordinator */ = {
			isa = PBXGroup;
			children = (
				DD8E723B2FA8D5280005D254 /* Coordinator.swift */,
				DD8E723F2FA8D5A10005D254 /* Page.swift */,
				DD8E72432FA8DABE0005D254 /* CoordinatorView.swift */,
			);
			path = Coordinator;
			sourceTree = "<group>";
		};
		DD8E72462FA8ED050005D254 /* Authentication */ = {
			isa = PBXGroup;
			children = (
				DDB045D82FA9FFCD002EA282 /* Manager */,
				DDB045D72FA9FFB2002EA282 /* ViewModel */,
				DDB045D62FA9FF92002EA282 /* View */,
			);
			path = Authentication;
			sourceTree = "<group>";
		};
		DD8E724B2FA8EE350005D254 /* Constants */ = {
			isa = PBXGroup;
			children = (
				DD8E724C2FA8F0220005D254 /* MangoTextField.swift */,
			);
			path = Constants;
			sourceTree = "<group>";
		};
		DDB045D62FA9FF92002EA282 /* View */ = {
			isa = PBXGroup;
			children = (
				DD2885EB2FA98F2500176DC7 /* LoginView.swift */,
				DD8E72472FA8ED330005D254 /* CreateAccountView.swift */,
			);
			path = View;
			sourceTree = "<group>";
		};
		DDB045D72FA9FFB2002EA282 /* ViewModel */ = {
			isa = PBXGroup;
			children = (
				DD2885ED2FA98F6C00176DC7 /* LoginViewModel.swift */,
				DD8E72492FA8ED660005D254 /* CreateAccountViewModel.swift */,
			);
			path = ViewModel;
			sourceTree = "<group>";
		};
		DDB045D82FA9FFCD002EA282 /* Manager */ = {
			isa = PBXGroup;
			children = (
				DD8E724E2FA8F3C70005D254 /* AuthManager.swift */,
				DDB045D32FA9C13E002EA282 /* GoogleSignInManager.swift */,
				DD28860C2FA9A04D00176DC7 /* FirebaseAuthManager.swift */,
			);
			path = Manager;
			sourceTree = "<group>";
		};
/* End PBXGroup section */

/* Begin PBXNativeTarget section */
		DD8E721C2FA8D42C0005D254 /* DisasesClassificationApp */ = {
			isa = PBXNativeTarget;
			buildConfigurationList = DD8E72282FA8D42F0005D254 /* Build configuration list for PBXNativeTarget "DisasesClassificationApp" */;
			buildPhases = (
				DD8E72192FA8D42C0005D254 /* Sources */,
				DD8E721A2FA8D42C0005D254 /* Frameworks */,
				DD8E721B2FA8D42C0005D254 /* Resources */,
			);
			buildRules = (
			);
			dependencies = (
			);
			name = DisasesClassificationApp;
			packageProductDependencies = (
				DD2885F02FA99AC500176DC7 /* FirebaseAI */,
				DD2885F22FA99AC500176DC7 /* FirebaseAILogic */,
				DD2885F42FA99AC500176DC7 /* FirebaseAnalytics */,
				DD2885F62FA99AC500176DC7 /* FirebaseAnalyticsCore */,
				DD2885F82FA99AC500176DC7 /* FirebaseAnalyticsIdentitySupport */,
				DD2885FA2FA99AC500176DC7 /* FirebaseAuth */,
				DD2885FC2FA99AC500176DC7 /* FirebaseAuthCombine-Community */,
				DD2885FE2FA99AC500176DC7 /* FirebaseCore */,
				DD2886002FA99AC500176DC7 /* FirebaseDatabase */,
				DD2886022FA99AC500176DC7 /* FirebaseInAppMessaging-Beta */,
				DD2886042FA99AC500176DC7 /* FirebaseMessaging */,
				DD2886062FA99AC500176DC7 /* FirebaseStorage */,
				DD2886082FA99AC500176DC7 /* FirebaseStorageCombine-Community */,
				DDB045CF2FA9BF56002EA282 /* GoogleSignIn */,
				DDB045D12FA9BF56002EA282 /* GoogleSignInSwift */,
			);
			productName = DisasesClassificationApp;
			productReference = DD8E721D2FA8D42C0005D254 /* DisasesClassificationApp.app */;
			productType = "com.apple.product-type.application";
		};
/* End PBXNativeTarget section */

/* Begin PBXProject section */
		DD8E72152FA8D42C0005D254 /* Project object */ = {
			isa = PBXProject;
			attributes = {
				BuildIndependentTargetsInParallel = 1;
				LastSwiftUpdateCheck = 2620;
				LastUpgradeCheck = 2620;
				TargetAttributes = {
					DD8E721C2FA8D42C0005D254 = {
						CreatedOnToolsVersion = 26.2;
					};
				};
			};
			buildConfigurationList = DD8E72182FA8D42C0005D254 /* Build configuration list for PBXProject "DisasesClassificationApp" */;
			developmentRegion = en;
			hasScannedForEncodings = 0;
			knownRegions = (
				en,
				Base,
			);
			mainGroup = DD8E72142FA8D42C0005D254;
			minimizedProjectReferenceProxies = 1;
			packageReferences = (
				DD2885EF2FA99AC500176DC7 /* XCRemoteSwiftPackageReference "firebase-ios-sdk" */,
				DDB045CE2FA9BF56002EA282 /* XCRemoteSwiftPackageReference "GoogleSignIn-iOS" */,
			);
			preferredProjectObjectVersion = 77;
			productRefGroup = DD8E721E2FA8D42C0005D254 /* Products */;
			projectDirPath = "";
			projectRoot = "";
			targets = (
				DD8E721C2FA8D42C0005D254 /* DisasesClassificationApp */,
			);
		};
/* End PBXProject section */

/* Begin PBXResourcesBuildPhase section */
		DD8E721B2FA8D42C0005D254 /* Resources */ = {
			isa = PBXResourcesBuildPhase;
			buildActionMask = 2147483647;
			files = (
				DD8E72372FA8D5050005D254 /* Assets.xcassets in Resources */,
				DDB045CD2FA9B66F002EA282 /* GoogleService-Info.plist in Resources */,
			);
			runOnlyForDeploymentPostprocessing = 0;
		};
/* End PBXResourcesBuildPhase section */

/* Begin PBXSourcesBuildPhase section */
		DD8E72192FA8D42C0005D254 /* Sources */ = {
			isa = PBXSourcesBuildPhase;
			buildActionMask = 2147483647;
			files = (
				DD8E72402FA8D5A10005D254 /* Page.swift in Sources */,
				DD8E72442FA8DABE0005D254 /* CoordinatorView.swift in Sources */,
				DD2885EE2FA98F6C00176DC7 /* LoginViewModel.swift in Sources */,
				DD8E724A2FA8ED660005D254 /* CreateAccountViewModel.swift in Sources */,
				DDB045D42FA9C13E002EA282 /* GoogleSignInManager.swift in Sources */,
				DD8E724F2FA8F3C70005D254 /* AuthManager.swift in Sources */,
				DD8E72482FA8ED330005D254 /* CreateAccountView.swift in Sources */,
				DD28860D2FA9A04D00176DC7 /* FirebaseAuthManager.swift in Sources */,
				DD8E72382FA8D5050005D254 /* HomeView.swift in Sources */,
				DD8E72392FA8D5050005D254 /* DiseasesClassificationAppApp.swift in Sources */,
				DD8E723C2FA8D5280005D254 /* Coordinator.swift in Sources */,
				DD2885EC2FA98F2500176DC7 /* LoginView.swift in Sources */,
				DD8E724D2FA8F0220005D254 /* MangoTextField.swift in Sources */,
			);
			runOnlyForDeploymentPostprocessing = 0;
		};
/* End PBXSourcesBuildPhase section */

/* Begin XCBuildConfiguration section */
		DD8E72262FA8D42F0005D254 /* Debug */ = {
			isa = XCBuildConfiguration;
			buildSettings = {
				ALWAYS_SEARCH_USER_PATHS = NO;
				ASSETCATALOG_COMPILER_GENERATE_SWIFT_ASSET_SYMBOL_EXTENSIONS = YES;
				CLANG_ANALYZER_NONNULL = YES;
				CLANG_ANALYZER_NUMBER_OBJECT_CONVERSION = YES_AGGRESSIVE;
				CLANG_CXX_LANGUAGE_STANDARD = "gnu++20";
				CLANG_ENABLE_MODULES = YES;
				CLANG_ENABLE_OBJC_ARC = YES;
				CLANG_ENABLE_OBJC_WEAK = YES;
				CLANG_WARN_BLOCK_CAPTURE_AUTORELEASING = YES;
				CLANG_WARN_BOOL_CONVERSION = YES;
				CLANG_WARN_COMMA = YES;
				CLANG_WARN_CONSTANT_CONVERSION = YES;
				CLANG_WARN_DEPRECATED_OBJC_IMPLEMENTATIONS = YES;
				CLANG_WARN_DIRECT_OBJC_ISA_USAGE = YES_ERROR;
				CLANG_WARN_DOCUMENTATION_COMMENTS = YES;
				CLANG_WARN_EMPTY_BODY = YES;
				CLANG_WARN_ENUM_CONVERSION = YES;
				CLANG_WARN_INFINITE_RECURSION = YES;
				CLANG_WARN_INT_CONVERSION = YES;
				CLANG_WARN_NON_LITERAL_NULL_CONVERSION = YES;
				CLANG_WARN_OBJC_IMPLICIT_RETAIN_SELF = YES;
				CLANG_WARN_OBJC_LITERAL_CONVERSION = YES;
				CLANG_WARN_OBJC_ROOT_CLASS = YES_ERROR;
				CLANG_WARN_QUOTED_INCLUDE_IN_FRAMEWORK_HEADER = YES;
				CLANG_WARN_RANGE_LOOP_ANALYSIS = YES;
				CLANG_WARN_STRICT_PROTOTYPES = YES;
				CLANG_WARN_SUSPICIOUS_MOVE = YES;
				CLANG_WARN_UNGUARDED_AVAILABILITY = YES_AGGRESSIVE;
				CLANG_WARN_UNREACHABLE_CODE = YES;
				CLANG_WARN__DUPLICATE_METHOD_MATCH = YES;
				COPY_PHASE_STRIP = NO;
				DEBUG_INFORMATION_FORMAT = dwarf;
				ENABLE_STRICT_OBJC_MSGSEND = YES;
				ENABLE_TESTABILITY = YES;
				ENABLE_USER_SCRIPT_SANDBOXING = YES;
				GCC_C_LANGUAGE_STANDARD = gnu17;
				GCC_DYNAMIC_NO_PIC = NO;
				GCC_NO_COMMON_BLOCKS = YES;
				GCC_OPTIMIZATION_LEVEL = 0;
				GCC_PREPROCESSOR_DEFINITIONS = (
					"DEBUG=1",
					"$(inherited)",
				);
				GCC_WARN_64_TO_32_BIT_CONVERSION = YES;
				GCC_WARN_ABOUT_RETURN_TYPE = YES_ERROR;
				GCC_WARN_UNDECLARED_SELECTOR = YES;
				GCC_WARN_UNINITIALIZED_AUTOS = YES_AGGRESSIVE;
				GCC_WARN_UNUSED_FUNCTION = YES;
				GCC_WARN_UNUSED_VARIABLE = YES;
				IPHONEOS_DEPLOYMENT_TARGET = 26.2;
				LOCALIZATION_PREFERS_STRING_CATALOGS = YES;
				MTL_ENABLE_DEBUG_INFO = INCLUDE_SOURCE;
				MTL_FAST_MATH = YES;
				ONLY_ACTIVE_ARCH = YES;
				SDKROOT = iphoneos;
				SWIFT_ACTIVE_COMPILATION_CONDITIONS = "DEBUG $(inherited)";
				SWIFT_OPTIMIZATION_LEVEL = "-Onone";
			};
			name = Debug;
		};
		DD8E72272FA8D42F0005D254 /* Release */ = {
			isa = XCBuildConfiguration;
			buildSettings = {
				ALWAYS_SEARCH_USER_PATHS = NO;
				ASSETCATALOG_COMPILER_GENERATE_SWIFT_ASSET_SYMBOL_EXTENSIONS = YES;
				CLANG_ANALYZER_NONNULL = YES;
				CLANG_ANALYZER_NUMBER_OBJECT_CONVERSION = YES_AGGRESSIVE;
				CLANG_CXX_LANGUAGE_STANDARD = "gnu++20";
				CLANG_ENABLE_MODULES = YES;
				CLANG_ENABLE_OBJC_ARC = YES;
				CLANG_ENABLE_OBJC_WEAK = YES;
				CLANG_WARN_BLOCK_CAPTURE_AUTORELEASING = YES;
				CLANG_WARN_BOOL_CONVERSION = YES;
				CLANG_WARN_COMMA = YES;
				CLANG_WARN_CONSTANT_CONVERSION = YES;
				CLANG_WARN_DEPRECATED_OBJC_IMPLEMENTATIONS = YES;
				CLANG_WARN_DIRECT_OBJC_ISA_USAGE = YES_ERROR;
				CLANG_WARN_DOCUMENTATION_COMMENTS = YES;
				CLANG_WARN_EMPTY_BODY = YES;
				CLANG_WARN_ENUM_CONVERSION = YES;
				CLANG_WARN_INFINITE_RECURSION = YES;
				CLANG_WARN_INT_CONVERSION = YES;
				CLANG_WARN_NON_LITERAL_NULL_CONVERSION = YES;
				CLANG_WARN_OBJC_IMPLICIT_RETAIN_SELF = YES;
				CLANG_WARN_OBJC_LITERAL_CONVERSION = YES;
				CLANG_WARN_OBJC_ROOT_CLASS = YES_ERROR;
				CLANG_WARN_QUOTED_INCLUDE_IN_FRAMEWORK_HEADER = YES;
				CLANG_WARN_RANGE_LOOP_ANALYSIS = YES;
				CLANG_WARN_STRICT_PROTOTYPES = YES;
				CLANG_WARN_SUSPICIOUS_MOVE = YES;
				CLANG_WARN_UNGUARDED_AVAILABILITY = YES_AGGRESSIVE;
				CLANG_WARN_UNREACHABLE_CODE = YES;
				CLANG_WARN__DUPLICATE_METHOD_MATCH = YES;
				COPY_PHASE_STRIP = NO;
				DEBUG_INFORMATION_FORMAT = "dwarf-with-dsym";
				ENABLE_NS_ASSERTIONS = NO;
				ENABLE_STRICT_OBJC_MSGSEND = YES;
				ENABLE_USER_SCRIPT_SANDBOXING = YES;
				GCC_C_LANGUAGE_STANDARD = gnu17;
				GCC_NO_COMMON_BLOCKS = YES;
				GCC_WARN_64_TO_32_BIT_CONVERSION = YES;
				GCC_WARN_ABOUT_RETURN_TYPE = YES_ERROR;
				GCC_WARN_UNDECLARED_SELECTOR = YES;
				GCC_WARN_UNINITIALIZED_AUTOS = YES_AGGRESSIVE;
				GCC_WARN_UNUSED_FUNCTION = YES;
				GCC_WARN_UNUSED_VARIABLE = YES;
				IPHONEOS_DEPLOYMENT_TARGET = 26.2;
				LOCALIZATION_PREFERS_STRING_CATALOGS = YES;
				MTL_ENABLE_DEBUG_INFO = NO;
				MTL_FAST_MATH = YES;
				SDKROOT = iphoneos;
				SWIFT_COMPILATION_MODE = wholemodule;
				VALIDATE_PRODUCT = YES;
			};
			name = Release;
		};
		DD8E72292FA8D42F0005D254 /* Debug */ = {
			isa = XCBuildConfiguration;
			buildSettings = {
				ASSETCATALOG_COMPILER_APPICON_NAME = AppIcon;
				ASSETCATALOG_COMPILER_GLOBAL_ACCENT_COLOR_NAME = AccentColor;
				CODE_SIGN_STYLE = Automatic;
				CURRENT_PROJECT_VERSION = 1;
				ENABLE_PREVIEWS = YES;
				GENERATE_INFOPLIST_FILE = YES;
				INFOPLIST_FILE = DisasesClassificationApp/Info.plist;
				INFOPLIST_KEY_UIApplicationSceneManifest_Generation = YES;
				INFOPLIST_KEY_UIApplicationSupportsIndirectInputEvents = YES;
				INFOPLIST_KEY_UILaunchScreen_Generation = YES;
				INFOPLIST_KEY_UISupportedInterfaceOrientations_iPad = "UIInterfaceOrientationPortrait UIInterfaceOrientationPortraitUpsideDown UIInterfaceOrientationLandscapeLeft UIInterfaceOrientationLandscapeRight";
				INFOPLIST_KEY_UISupportedInterfaceOrientations_iPhone = "UIInterfaceOrientationPortrait UIInterfaceOrientationLandscapeLeft UIInterfaceOrientationLandscapeRight";
				LD_RUNPATH_SEARCH_PATHS = (
					"$(inherited)",
					"@executable_path/Frameworks",
				);
				MARKETING_VERSION = 1.0;
				PRODUCT_BUNDLE_IDENTIFIER = com.mmhi.DisasesClassificationApp;
				PRODUCT_NAME = "$(TARGET_NAME)";
				STRING_CATALOG_GENERATE_SYMBOLS = YES;
				SWIFT_APPROACHABLE_CONCURRENCY = YES;
				SWIFT_DEFAULT_ACTOR_ISOLATION = MainActor;
				SWIFT_EMIT_LOC_STRINGS = YES;
				SWIFT_UPCOMING_FEATURE_MEMBER_IMPORT_VISIBILITY = YES;
				SWIFT_VERSION = 5.0;
				TARGETED_DEVICE_FAMILY = "1,2";
			};
			name = Debug;
		};
		DD8E722A2FA8D42F0005D254 /* Release */ = {
			isa = XCBuildConfiguration;
			buildSettings = {
				ASSETCATALOG_COMPILER_APPICON_NAME = AppIcon;
				ASSETCATALOG_COMPILER_GLOBAL_ACCENT_COLOR_NAME = AccentColor;
				CODE_SIGN_STYLE = Automatic;
				CURRENT_PROJECT_VERSION = 1;
				ENABLE_PREVIEWS = YES;
				GENERATE_INFOPLIST_FILE = YES;
				INFOPLIST_FILE = DisasesClassificationApp/Info.plist;
				INFOPLIST_KEY_UIApplicationSceneManifest_Generation = YES;
				INFOPLIST_KEY_UIApplicationSupportsIndirectInputEvents = YES;
				INFOPLIST_KEY_UILaunchScreen_Generation = YES;
				INFOPLIST_KEY_UISupportedInterfaceOrientations_iPad = "UIInterfaceOrientationPortrait UIInterfaceOrientationPortraitUpsideDown UIInterfaceOrientationLandscapeLeft UIInterfaceOrientationLandscapeRight";
				INFOPLIST_KEY_UISupportedInterfaceOrientations_iPhone = "UIInterfaceOrientationPortrait UIInterfaceOrientationLandscapeLeft UIInterfaceOrientationLandscapeRight";
				LD_RUNPATH_SEARCH_PATHS = (
					"$(inherited)",
					"@executable_path/Frameworks",
				);
				MARKETING_VERSION = 1.0;
				PRODUCT_BUNDLE_IDENTIFIER = com.mmhi.DisasesClassificationApp;
				PRODUCT_NAME = "$(TARGET_NAME)";
				STRING_CATALOG_GENERATE_SYMBOLS = YES;
				SWIFT_APPROACHABLE_CONCURRENCY = YES;
				SWIFT_DEFAULT_ACTOR_ISOLATION = MainActor;
				SWIFT_EMIT_LOC_STRINGS = YES;
				SWIFT_UPCOMING_FEATURE_MEMBER_IMPORT_VISIBILITY = YES;
				SWIFT_VERSION = 5.0;
				TARGETED_DEVICE_FAMILY = "1,2";
			};
			name = Release;
		};
/* End XCBuildConfiguration section */

/* Begin XCConfigurationList section */
		DD8E72182FA8D42C0005D254 /* Build configuration list for PBXProject "DisasesClassificationApp" */ = {
			isa = XCConfigurationList;
			buildConfigurations = (
				DD8E72262FA8D42F0005D254 /* Debug */,
				DD8E72272FA8D42F0005D254 /* Release */,
			);
			defaultConfigurationIsVisible = 0;
			defaultConfigurationName = Release;
		};
		DD8E72282FA8D42F0005D254 /* Build configuration list for PBXNativeTarget "DisasesClassificationApp" */ = {
			isa = XCConfigurationList;
			buildConfigurations = (
				DD8E72292FA8D42F0005D254 /* Debug */,
				DD8E722A2FA8D42F0005D254 /* Release */,
			);
			defaultConfigurationIsVisible = 0;
			defaultConfigurationName = Release;
		};
/* End XCConfigurationList section */

/* Begin XCRemoteSwiftPackageReference section */
		DD2885EF2FA99AC500176DC7 /* XCRemoteSwiftPackageReference "firebase-ios-sdk" */ = {
			isa = XCRemoteSwiftPackageReference;
			repositoryURL = "https://github.com/firebase/firebase-ios-sdk";
			requirement = {
				kind = upToNextMajorVersion;
				minimumVersion = 12.12.1;
			};
		};
		DDB045CE2FA9BF56002EA282 /* XCRemoteSwiftPackageReference "GoogleSignIn-iOS" */ = {
			isa = XCRemoteSwiftPackageReference;
			repositoryURL = "https://github.com/google/GoogleSignIn-iOS";
			requirement = {
				kind = upToNextMajorVersion;
				minimumVersion = 9.1.0;
			};
		};
/* End XCRemoteSwiftPackageReference section */

/* Begin XCSwiftPackageProductDependency section */
		DD2885F02FA99AC500176DC7 /* FirebaseAI */ = {
			isa = XCSwiftPackageProductDependency;
			package = DD2885EF2FA99AC500176DC7 /* XCRemoteSwiftPackageReference "firebase-ios-sdk" */;
			productName = FirebaseAI;
		};
		DD2885F22FA99AC500176DC7 /* FirebaseAILogic */ = {
			isa = XCSwiftPackageProductDependency;
			package = DD2885EF2FA99AC500176DC7 /* XCRemoteSwiftPackageReference "firebase-ios-sdk" */;
			productName = FirebaseAILogic;
		};
		DD2885F42FA99AC500176DC7 /* FirebaseAnalytics */ = {
			isa = XCSwiftPackageProductDependency;
			package = DD2885EF2FA99AC500176DC7 /* XCRemoteSwiftPackageReference "firebase-ios-sdk" */;
			productName = FirebaseAnalytics;
		};
		DD2885F62FA99AC500176DC7 /* FirebaseAnalyticsCore */ = {
			isa = XCSwiftPackageProductDependency;
			package = DD2885EF2FA99AC500176DC7 /* XCRemoteSwiftPackageReference "firebase-ios-sdk" */;
			productName = FirebaseAnalyticsCore;
		};
		DD2885F82FA99AC500176DC7 /* FirebaseAnalyticsIdentitySupport */ = {
			isa = XCSwiftPackageProductDependency;
			package = DD2885EF2FA99AC500176DC7 /* XCRemoteSwiftPackageReference "firebase-ios-sdk" */;
			productName = FirebaseAnalyticsIdentitySupport;
		};
		DD2885FA2FA99AC500176DC7 /* FirebaseAuth */ = {
			isa = XCSwiftPackageProductDependency;
			package = DD2885EF2FA99AC500176DC7 /* XCRemoteSwiftPackageReference "firebase-ios-sdk" */;
			productName = FirebaseAuth;
		};
		DD2885FC2FA99AC500176DC7 /* FirebaseAuthCombine-Community */ = {
			isa = XCSwiftPackageProductDependency;
			package = DD2885EF2FA99AC500176DC7 /* XCRemoteSwiftPackageReference "firebase-ios-sdk" */;
			productName = "FirebaseAuthCombine-Community";
		};
		DD2885FE2FA99AC500176DC7 /* FirebaseCore */ = {
			isa = XCSwiftPackageProductDependency;
			package = DD2885EF2FA99AC500176DC7 /* XCRemoteSwiftPackageReference "firebase-ios-sdk" */;
			productName = FirebaseCore;
		};
		DD2886002FA99AC500176DC7 /* FirebaseDatabase */ = {
			isa = XCSwiftPackageProductDependency;
			package = DD2885EF2FA99AC500176DC7 /* XCRemoteSwiftPackageReference "firebase-ios-sdk" */;
			productName = FirebaseDatabase;
		};
		DD2886022FA99AC500176DC7 /* FirebaseInAppMessaging-Beta */ = {
			isa = XCSwiftPackageProductDependency;
			package = DD2885EF2FA99AC500176DC7 /* XCRemoteSwiftPackageReference "firebase-ios-sdk" */;
			productName = "FirebaseInAppMessaging-Beta";
		};
		DD2886042FA99AC500176DC7 /* FirebaseMessaging */ = {
			isa = XCSwiftPackageProductDependency;
			package = DD2885EF2FA99AC500176DC7 /* XCRemoteSwiftPackageReference "firebase-ios-sdk" */;
			productName = FirebaseMessaging;
		};
		DD2886062FA99AC500176DC7 /* FirebaseStorage */ = {
			isa = XCSwiftPackageProductDependency;
			package = DD2885EF2FA99AC500176DC7 /* XCRemoteSwiftPackageReference "firebase-ios-sdk" */;
			productName = FirebaseStorage;
		};
		DD2886082FA99AC500176DC7 /* FirebaseStorageCombine-Community */ = {
			isa = XCSwiftPackageProductDependency;
			package = DD2885EF2FA99AC500176DC7 /* XCRemoteSwiftPackageReference "firebase-ios-sdk" */;
			productName = "FirebaseStorageCombine-Community";
		};
		DDB045CF2FA9BF56002EA282 /* GoogleSignIn */ = {
			isa = XCSwiftPackageProductDependency;
			package = DDB045CE2FA9BF56002EA282 /* XCRemoteSwiftPackageReference "GoogleSignIn-iOS" */;
			productName = GoogleSignIn;
		};
		DDB045D12FA9BF56002EA282 /* GoogleSignInSwift */ = {
			isa = XCSwiftPackageProductDependency;
			package = DDB045CE2FA9BF56002EA282 /* XCRemoteSwiftPackageReference "GoogleSignIn-iOS" */;
			productName = GoogleSignInSwift;
		};
/* End XCSwiftPackageProductDependency section */
	};
	rootObject = DD8E72152FA8D42C0005D254 /* Project object */;
}
